{
  "name": "node",
  "version": "1.0.0",
  "lockfileVersion": 2,
  "requires": true,
  "packages": {
    "": {
      "name": "node",
      "version": "1.0.0",
      "license": "ISC",
      "dependencies": {
        "node-static": "^0.7.11"
      }
    },
    "node_modules/colors": {
      "version": "1.4.0",
      "license": "MIT",
      "engines": {
        "node": ">=0.1.90"
      }
    },
    "node_modules/mime": {
      "version": "1.6.0",
      "license": "MIT",
      "bin": {
        "mime": "cli.js"
      },
      "engines": {
        "node": ">=4"
      }
    },
    "node_modules/minimist": {
      "version": "0.0.10",
      "license": "MIT"
    },
    "node_modules/node-static": {
      "version": "0.7.11",
      "license": "MIT",
      "dependencies": {
        "colors": ">=0.6.0",
        "mime": "^1.2.9",
        "optimist": ">=0.3.4"
      },
      "bin": {
        "static": "bin/cli.js"
      },
      "engines": {
        "node": ">= 0.4.1"
      }
    },
    "node_modules/optimist": {
      "version": "0.6.1",
      "license": "MIT/X11",
      "dependencies": {
        "minimist": "~0.0.1",
        "wordwrap": "~0.0.2"
      }
    },
    "node_modules/wordwrap": {
      "version": "0.0.3",
      "license": "MIT",
      "engines": {
        "node": ">=0.4.0"
      }
    }
  },
  "dependencies": {
    "colors": {
      "version": "1.4.0"
    },
    "mime": {
      "version": "1.6.0"
    },
    "minimist": {
      "version": "0.0.10"
    },
    "node-static": {
      "version": "0.7.11",
      "requires": {
        "colors": ">=0.6.0",
        "mime": "^1.2.9",
        "optimist": ">=0.3.4"
      }
    },
    "optimist": {
      "version": "0.6.1",
      "requires": {
        "minimist": "~0.0.1",
        "wordwrap": "~0.0.2"
      }
    },
    "wordwrap": {
      "version": "0.0.3"
    }
  }
}
